
Microsoft Visual Studio Solution File, Format Version 12.00
# Visual Studio 15
VisualStudioVersion = 15.0.28010.2048
MinimumVisualStudioVersion = 10.0.40219.1
Project("{9A19103F-16F7-4668-BE54-9A1E7A4F7556}") = "ValidationAzFunctions", "ValidationAzFunctions\ValidationAzFunctions.csproj", "{F872FA75-CCAE-4EB5-98D9-C5B7AEB946DE}"
EndProject
Global
	GlobalSection(SolutionConfigurationPlatforms) = preSolution
		Debug|Any CPU = Debug|Any CPU
		Release|Any CPU = Release|Any CPU
	EndGlobalSection
	GlobalSection(ProjectConfigurationPlatforms) = postSolution
		{F872FA75-CCAE-4EB5-98D9-C5B7AEB946DE}.Debug|Any CPU.ActiveCfg = Debug|Any CPU
		{F872FA75-CCAE-4EB5-98D9-C5B7AEB946DE}.Debug|Any CPU.Build.0 = Debug|Any CPU
		{F872FA75-CCAE-4EB5-98D9-C5B7AEB946DE}.Release|Any CPU.ActiveCfg = Release|Any CPU
		{F872FA75-CCAE-4EB5-98D9-C5B7AEB946DE}.Release|Any CPU.Build.0 = Release|Any CPU
	EndGlobalSection
	GlobalSection(SolutionProperties) = preSolution
		HideSolutionNode = FALSE
	EndGlobalSection
	GlobalSection(ExtensibilityGlobals) = postSolution
		SolutionGuid = {15E87CB7-DB37-46D3-9D32-83C96ECD9139}
	EndGlobalSection
EndGlobal
